
Microsoft Visual Studio Solution File, Format Version 12.00
# Visual Studio Version 17
VisualStudioVersion = 17.5.33424.131
MinimumVisualStudioVersion = 10.0.40219.1
Project("{FAE04EC0-301F-11D3-BF4B-00C04F79EFBC}") = "ProjectManagementTracker", "ProjectManagementTracker\ProjectManagementTracker.csproj", "{0D016B13-D295-4BC8-84CC-63A6E7FD57DD}"
EndProject
Global
	GlobalSection(SolutionConfigurationPlatforms) = preSolution
		Debug|Any CPU = Debug|Any CPU
		Release|Any CPU = Release|Any CPU
	EndGlobalSection
	GlobalSection(ProjectConfigurationPlatforms) = postSolution
		{0D016B13-D295-4BC8-84CC-63A6E7FD57DD}.Debug|Any CPU.ActiveCfg = Debug|Any CPU
		{0D016B13-D295-4BC8-84CC-63A6E7FD57DD}.Debug|Any CPU.Build.0 = Debug|Any CPU
		{0D016B13-D295-4BC8-84CC-63A6E7FD57DD}.Release|Any CPU.ActiveCfg = Release|Any CPU
		{0D016B13-D295-4BC8-84CC-63A6E7FD57DD}.Release|Any CPU.Build.0 = Release|Any CPU
	EndGlobalSection
	GlobalSection(SolutionProperties) = preSolution
		HideSolutionNode = FALSE
	EndGlobalSection
	GlobalSection(ExtensibilityGlobals) = postSolution
		SolutionGuid = {02B585CF-2FD4-4728-AB4B-2588F93CA5AF}
	EndGlobalSection
EndGlobal
